
Microsoft Visual Studio Solution File, Format Version 12.00
# Visual Studio 15
Project("{FAE04EC0-301F-11D3-BF4B-00C04F79EFBC}") = "furry-potato", "furry-potato\furry-potato.csproj", "{DDC26EF1-D029-4DA3-9560-39E2F782D742}"
EndProject
Global
	GlobalSection(SolutionConfigurationPlatforms) = preSolution
		Debug|Any CPU = Debug|Any CPU
		Release|Any CPU = Release|Any CPU
	EndGlobalSection
	GlobalSection(ProjectConfigurationPlatforms) = postSolution
		{DDC26EF1-D029-4DA3-9560-39E2F782D742}.Debug|Any CPU.ActiveCfg = Debug|Any CPU
		{DDC26EF1-D029-4DA3-9560-39E2F782D742}.Debug|Any CPU.Build.0 = Debug|Any CPU
		{DDC26EF1-D029-4DA3-9560-39E2F782D742}.Release|Any CPU.ActiveCfg = Release|Any CPU
		{DDC26EF1-D029-4DA3-9560-39E2F782D742}.Release|Any CPU.Build.0 = Release|Any CPU
	EndGlobalSection
EndGlobal
